
Microsoft Visual Studio Solution File, Format Version 12.00
# Visual Studio Version 16
VisualStudioVersion = 16.0.30204.135
MinimumVisualStudioVersion = 10.0.40219.1
Project("{9A19103F-16F7-4668-BE54-9A1E7A4F7556}") = "eShopSolution.WebApp", "eShopSolution.WebApp\eShopSolution.WebApp.csproj", "{B75EF5BB-46A0-4DB3-B9D5-8A6FF2FD5691}"
EndProject
Project("{2150E333-8FDC-42A3-9474-1A3956D46DE8}") = "Solution Items", "Solution Items", "{D6917B5D-75EB-4563-BFC5-BA0B00E66D71}"
	ProjectSection(SolutionItems) = preProject
		README.md = README.md
	EndProjectSection
EndProject
Project("{FAE04EC0-301F-11D3-BF4B-00C04F79EFBC}") = "eShopSolution.Data", "eShopSolution.Data\eShopSolution.Data.csproj", "{624385EE-6015-4C6A-A962-AC811418D798}"
EndProject
Project("{FAE04EC0-301F-11D3-BF4B-00C04F79EFBC}") = "eShopSolution.Application", "eShopSolution.Application\eShopSolution.Application.csproj", "{124B10E9-D96A-4FE6-B650-53AA5FD2FCF4}"
EndProject
Global
	GlobalSection(SolutionConfigurationPlatforms) = preSolution
		Debug|Any CPU = Debug|Any CPU
		Release|Any CPU = Release|Any CPU
	EndGlobalSection
	GlobalSection(ProjectConfigurationPlatforms) = postSolution
		{B75EF5BB-46A0-4DB3-B9D5-8A6FF2FD5691}.Debug|Any CPU.ActiveCfg = Debug|Any CPU
		{B75EF5BB-46A0-4DB3-B9D5-8A6FF2FD5691}.Debug|Any CPU.Build.0 = Debug|Any CPU
		{B75EF5BB-46A0-4DB3-B9D5-8A6FF2FD5691}.Release|Any CPU.ActiveCfg = Release|Any CPU
		{B75EF5BB-46A0-4DB3-B9D5-8A6FF2FD5691}.Release|Any CPU.Build.0 = Release|Any CPU
		{624385EE-6015-4C6A-A962-AC811418D798}.Debug|Any CPU.ActiveCfg = Debug|Any CPU
		{624385EE-6015-4C6A-A962-AC811418D798}.Debug|Any CPU.Build.0 = Debug|Any CPU
		{624385EE-6015-4C6A-A962-AC811418D798}.Release|Any CPU.ActiveCfg = Release|Any CPU
		{624385EE-6015-4C6A-A962-AC811418D798}.Release|Any CPU.Build.0 = Release|Any CPU
		{124B10E9-D96A-4FE6-B650-53AA5FD2FCF4}.Debug|Any CPU.ActiveCfg = Debug|Any CPU
		{124B10E9-D96A-4FE6-B650-53AA5FD2FCF4}.Debug|Any CPU.Build.0 = Debug|Any CPU
		{124B10E9-D96A-4FE6-B650-53AA5FD2FCF4}.Release|Any CPU.ActiveCfg = Release|Any CPU
		{124B10E9-D96A-4FE6-B650-53AA5FD2FCF4}.Release|Any CPU.Build.0 = Release|Any CPU
	EndGlobalSection
	GlobalSection(SolutionProperties) = preSolution
		HideSolutionNode = FALSE
	EndGlobalSection
	GlobalSection(ExtensibilityGlobals) = postSolution
		SolutionGuid = {408D3EAF-3434-48EE-BA23-FD222F511367}
	EndGlobalSection
EndGlobal
